
Microsoft Visual Studio Solution File, Format Version 12.00
# Visual Studio 2013
VisualStudioVersion = 12.0.21005.1
MinimumVisualStudioVersion = 10.0.40219.1
Project("{FAE04EC0-301F-11D3-BF4B-00C04F79EFBC}") = "HanYi", "HanYi\HanYi.csproj", "{95F79CEE-EA99-4151-8C63-1E794CEF1286}"
EndProject
Project("{FAE04EC0-301F-11D3-BF4B-00C04F79EFBC}") = "Entity", "Entity\Entity.csproj", "{E756E0E8-9D61-480B-95D1-9429FBE68446}"
EndProject
Project("{FAE04EC0-301F-11D3-BF4B-00C04F79EFBC}") = "Ltchina.Core.Weixin", "Ltchina.Core.Weixin\Ltchina.Core.Weixin.csproj", "{8BC9511B-76AA-499A-9A40-03A0A9A56E8E}"
EndProject
Global
	GlobalSection(SubversionScc) = preSolution
		Svn-Managed = True
		Manager = AnkhSVN - Subversion Support for Visual Studio
	EndGlobalSection
	GlobalSection(SolutionConfigurationPlatforms) = preSolution
		Debug|Any CPU = Debug|Any CPU
		Release|Any CPU = Release|Any CPU
	EndGlobalSection
	GlobalSection(ProjectConfigurationPlatforms) = postSolution
		{95F79CEE-EA99-4151-8C63-1E794CEF1286}.Debug|Any CPU.ActiveCfg = Debug|Any CPU
		{95F79CEE-EA99-4151-8C63-1E794CEF1286}.Debug|Any CPU.Build.0 = Debug|Any CPU
		{95F79CEE-EA99-4151-8C63-1E794CEF1286}.Release|Any CPU.ActiveCfg = Release|Any CPU
		{95F79CEE-EA99-4151-8C63-1E794CEF1286}.Release|Any CPU.Build.0 = Release|Any CPU
		{E756E0E8-9D61-480B-95D1-9429FBE68446}.Debug|Any CPU.ActiveCfg = Debug|Any CPU
		{E756E0E8-9D61-480B-95D1-9429FBE68446}.Debug|Any CPU.Build.0 = Debug|Any CPU
		{E756E0E8-9D61-480B-95D1-9429FBE68446}.Release|Any CPU.ActiveCfg = Release|Any CPU
		{E756E0E8-9D61-480B-95D1-9429FBE68446}.Release|Any CPU.Build.0 = Release|Any CPU
		{8BC9511B-76AA-499A-9A40-03A0A9A56E8E}.Debug|Any CPU.ActiveCfg = Debug|Any CPU
		{8BC9511B-76AA-499A-9A40-03A0A9A56E8E}.Debug|Any CPU.Build.0 = Debug|Any CPU
		{8BC9511B-76AA-499A-9A40-03A0A9A56E8E}.Release|Any CPU.ActiveCfg = Release|Any CPU
		{8BC9511B-76AA-499A-9A40-03A0A9A56E8E}.Release|Any CPU.Build.0 = Release|Any CPU
	EndGlobalSection
	GlobalSection(SolutionProperties) = preSolution
		HideSolutionNode = FALSE
	EndGlobalSection
EndGlobal
